
Microsoft Visual Studio Solution File, Format Version 12.00
# Visual Studio Version 17
VisualStudioVersion = 17.11.35327.3
MinimumVisualStudioVersion = 10.0.40219.1
Project("{FAE04EC0-301F-11D3-BF4B-00C04F79EFBC}") = "ClientSide", "..\ClientSide\ClientSide.csproj", "{40FA77B4-07D6-451B-9C82-222C21E97D31}"
EndProject
Project("{FAE04EC0-301F-11D3-BF4B-00C04F79EFBC}") = "DSPPresentation", "..\DSPPresentation\DSPPresentation.csproj", "{E3CF7984-D929-4B94-AFBA-61DC2835AFE5}"
EndProject
Global
	GlobalSection(SolutionConfigurationPlatforms) = preSolution
		Debug|Any CPU = Debug|Any CPU
		Release|Any CPU = Release|Any CPU
	EndGlobalSection
	GlobalSection(ProjectConfigurationPlatforms) = postSolution
		{40FA77B4-07D6-451B-9C82-222C21E97D31}.Debug|Any CPU.ActiveCfg = Debug|Any CPU
		{40FA77B4-07D6-451B-9C82-222C21E97D31}.Debug|Any CPU.Build.0 = Debug|Any CPU
		{40FA77B4-07D6-451B-9C82-222C21E97D31}.Release|Any CPU.ActiveCfg = Release|Any CPU
		{40FA77B4-07D6-451B-9C82-222C21E97D31}.Release|Any CPU.Build.0 = Release|Any CPU
		{E3CF7984-D929-4B94-AFBA-61DC2835AFE5}.Debug|Any CPU.ActiveCfg = Debug|Any CPU
		{E3CF7984-D929-4B94-AFBA-61DC2835AFE5}.Debug|Any CPU.Build.0 = Debug|Any CPU
		{E3CF7984-D929-4B94-AFBA-61DC2835AFE5}.Release|Any CPU.ActiveCfg = Release|Any CPU
		{E3CF7984-D929-4B94-AFBA-61DC2835AFE5}.Release|Any CPU.Build.0 = Release|Any CPU
	EndGlobalSection
	GlobalSection(SolutionProperties) = preSolution
		HideSolutionNode = FALSE
	EndGlobalSection
	GlobalSection(ExtensibilityGlobals) = postSolution
		SolutionGuid = {6413FFF1-BFC5-441C-A727-9284C549B212}
	EndGlobalSection
EndGlobal
